
Microsoft Visual Studio Solution File, Format Version 12.00
# Visual Studio 15
VisualStudioVersion = 15.0.26730.12
MinimumVisualStudioVersion = 10.0.40219.1
Project("{FAE04EC0-301F-11D3-BF4B-00C04F79EFBC}") = "IdleRGB", "IdleRGB\IdleRGB.csproj", "{4EE4096F-CF1D-4254-8955-B9BEDD921AEE}"
EndProject
Global
	GlobalSection(SolutionConfigurationPlatforms) = preSolution
		Debug|Any CPU = Debug|Any CPU
		Release|Any CPU = Release|Any CPU
	EndGlobalSection
	GlobalSection(ProjectConfigurationPlatforms) = postSolution
		{4EE4096F-CF1D-4254-8955-B9BEDD921AEE}.Debug|Any CPU.ActiveCfg = Debug|Any CPU
		{4EE4096F-CF1D-4254-8955-B9BEDD921AEE}.Debug|Any CPU.Build.0 = Debug|Any CPU
		{4EE4096F-CF1D-4254-8955-B9BEDD921AEE}.Release|Any CPU.ActiveCfg = Release|Any CPU
		{4EE4096F-CF1D-4254-8955-B9BEDD921AEE}.Release|Any CPU.Build.0 = Release|Any CPU
	EndGlobalSection
	GlobalSection(SolutionProperties) = preSolution
		HideSolutionNode = FALSE
	EndGlobalSection
	GlobalSection(ExtensibilityGlobals) = postSolution
		SolutionGuid = {9A38AFE4-1F82-46EC-ABE1-1685AB6080B8}
	EndGlobalSection
EndGlobal
